
Microsoft Visual Studio Solution File, Format Version 12.00
# Visual Studio Version 17
VisualStudioVersion = 17.8.34511.84
MinimumVisualStudioVersion = 10.0.40219.1
Project("{9A19103F-16F7-4668-BE54-9A1E7A4F7556}") = "TaskManagement", "TaskManagement\TaskManagement.csproj", "{767ADBCA-1819-4AE3-8574-BD6FE768283D}"
EndProject
Project("{FAE04EC0-301F-11D3-BF4B-00C04F79EFBC}") = "TaskManager_Test", "TaskManager_Test\TaskManager_Test.csproj", "{B7072543-E67E-4F07-894A-470DF7001194}"
EndProject
Global
	GlobalSection(SolutionConfigurationPlatforms) = preSolution
		Debug|Any CPU = Debug|Any CPU
		Release|Any CPU = Release|Any CPU
	EndGlobalSection
	GlobalSection(ProjectConfigurationPlatforms) = postSolution
		{767ADBCA-1819-4AE3-8574-BD6FE768283D}.Debug|Any CPU.ActiveCfg = Debug|Any CPU
		{767ADBCA-1819-4AE3-8574-BD6FE768283D}.Debug|Any CPU.Build.0 = Debug|Any CPU
		{767ADBCA-1819-4AE3-8574-BD6FE768283D}.Release|Any CPU.ActiveCfg = Release|Any CPU
		{767ADBCA-1819-4AE3-8574-BD6FE768283D}.Release|Any CPU.Build.0 = Release|Any CPU
		{B7072543-E67E-4F07-894A-470DF7001194}.Debug|Any CPU.ActiveCfg = Debug|Any CPU
		{B7072543-E67E-4F07-894A-470DF7001194}.Debug|Any CPU.Build.0 = Debug|Any CPU
		{B7072543-E67E-4F07-894A-470DF7001194}.Release|Any CPU.ActiveCfg = Release|Any CPU
		{B7072543-E67E-4F07-894A-470DF7001194}.Release|Any CPU.Build.0 = Release|Any CPU
	EndGlobalSection
	GlobalSection(SolutionProperties) = preSolution
		HideSolutionNode = FALSE
	EndGlobalSection
	GlobalSection(ExtensibilityGlobals) = postSolution
		SolutionGuid = {D3D9E0FC-3AC5-4255-A24C-28A21B7D2BA9}
	EndGlobalSection
EndGlobal
